<?xml version="1.0" encoding="utf-8"?>
<Project ToolsVersion="4.0" xmlns="http://schemas.microsoft.com/developer/msbuild/2003">
  <ItemGroup>
    <Filter Include="源文件">
      <UniqueIdentifier>{4FC737F1-C7A5-4376-A066-2A32D752A2FF}</UniqueIdentifier>
      <Extensions>cpp;c;cc;cxx;c++;cppm;ixx;def;odl;idl;hpj;bat;asm;asmx</Extensions>
    </Filter>
    <Filter Include="头文件">
      <UniqueIdentifier>{93995380-89BD-4b04-88EB-625FBE52EBFB}</UniqueIdentifier>
      <Extensions>h;hh;hpp;hxx;h++;hm;inl;inc;ipp;xsd</Extensions>
    </Filter>
    <Filter Include="资源文件">
      <UniqueIdentifier>{67DA6AB6-F800-4c08-8B7A-83BB121AAD01}</UniqueIdentifier>
      <Extensions>rc;ico;cur;bmp;dlg;rc2;rct;bin;rgs;gif;jpg;jpeg;jpe;resx;tiff;tif;png;wav;mfcribbon-ms</Extensions>
    </Filter>
    <Filter Include="源文件\ImGui">
      <UniqueIdentifier>{585e7b18-5082-47f0-be60-15055550bf50}</UniqueIdentifier>
    </Filter>
    <Filter Include="头文件\ImGui">
      <UniqueIdentifier>{6490d46f-2803-4eb2-928b-17a0097ee382}</UniqueIdentifier>
    </Filter>
  </ItemGroup>
  <ItemGroup>
    <ClCompile Include="glad.c">
      <Filter>源文件</Filter>
    </ClCompile>
    <ClCompile Include="Application.cpp">
      <Filter>源文件</Filter>
    </ClCompile>
    <ClCompile Include="ImGui\imgui.cpp">
      <Filter>源文件\ImGui</Filter>
    </ClCompile>
    <ClCompile Include="ImGui\imgui_demo.cpp">
      <Filter>源文件\ImGui</Filter>
    </ClCompile>
    <ClCompile Include="ImGui\imgui_draw.cpp">
      <Filter>源文件\ImGui</Filter>
    </ClCompile>
    <ClCompile Include="ImGui\imgui_impl_glfw.cpp">
      <Filter>源文件\ImGui</Filter>
    </ClCompile>
    <ClCompile Include="ImGui\imgui_impl_opengl3.cpp">
      <Filter>源文件\ImGui</Filter>
    </ClCompile>
    <ClCompile Include="ImGui\imgui_tables.cpp">
      <Filter>源文件\ImGui</Filter>
    </ClCompile>
    <ClCompile Include="ImGui\imgui_widgets.cpp">
      <Filter>源文件\ImGui</Filter>
    </ClCompile>
    <ClCompile Include="ImGui\MyImGui.cpp">
      <Filter>源文件\ImGui</Filter>
    </ClCompile>
    <ClCompile Include="Shaders\Shader.cpp">
      <Filter>源文件</Filter>
    </ClCompile>
    <ClCompile Include="Camera.cpp">
      <Filter>源文件</Filter>
    </ClCompile>
    <ClCompile Include="Light\Light.cpp">
      <Filter>源文件</Filter>
    </ClCompile>
    <ClCompile Include="Light\LightManager.cpp">
      <Filter>源文件</Filter>
    </ClCompile>
    <ClCompile Include="Mesh\Mesh.cpp">
      <Filter>源文件</Filter>
    </ClCompile>
    <ClCompile Include="Model\Model.cpp">
      <Filter>源文件</Filter>
    </ClCompile>
  </ItemGroup>
  <ItemGroup>
    <ClInclude Include="ImGui\imconfig.h">
      <Filter>头文件\ImGui</Filter>
    </ClInclude>
    <ClInclude Include="ImGui\imgui.h">
      <Filter>头文件\ImGui</Filter>
    </ClInclude>
    <ClInclude Include="ImGui\imgui_impl_glfw.h">
      <Filter>头文件\ImGui</Filter>
    </ClInclude>
    <ClInclude Include="ImGui\imgui_impl_opengl3.h">
      <Filter>头文件\ImGui</Filter>
    </ClInclude>
    <ClInclude Include="ImGui\imgui_internal.h">
      <Filter>头文件\ImGui</Filter>
    </ClInclude>
    <ClInclude Include="ImGui\imstb_rectpack.h">
      <Filter>头文件\ImGui</Filter>
    </ClInclude>
    <ClInclude Include="ImGui\imstb_textedit.h">
      <Filter>头文件\ImGui</Filter>
    </ClInclude>
    <ClInclude Include="ImGui\imstb_truetype.h">
      <Filter>头文件\ImGui</Filter>
    </ClInclude>
    <ClInclude Include="ImGui\imgui_impl_opengl3_loader.h">
      <Filter>头文件\ImGui</Filter>
    </ClInclude>
    <ClInclude Include="ImGui\MyImGui.h">
      <Filter>头文件\ImGui</Filter>
    </ClInclude>
    <ClInclude Include="Shaders\Shader.h">
      <Filter>头文件</Filter>
    </ClInclude>
    <ClInclude Include="Data.h">
      <Filter>头文件</Filter>
    </ClInclude>
    <ClInclude Include="Camera.h">
      <Filter>头文件</Filter>
    </ClInclude>
    <ClInclude Include="Shaders\shaderSource\LightFragmentShader.shader">
      <Filter>头文件</Filter>
    </ClInclude>
    <ClInclude Include="Light\Light.h">
      <Filter>头文件</Filter>
    </ClInclude>
    <ClInclude Include="Light\LightManager.h">
      <Filter>头文件</Filter>
    </ClInclude>
    <ClInclude Include="Mesh\Mesh.h">
      <Filter>头文件</Filter>
    </ClInclude>
    <ClInclude Include="Model\Model.h">
      <Filter>头文件</Filter>
    </ClInclude>
  </ItemGroup>
  <ItemGroup>
    <None Include="Shaders\shaderSource\Vertex.shader" />
    <None Include="Shaders\shaderSource\Fragment.Shader" />
    <None Include="Shaders\shaderSource\LightVertexShader.shader" />
    <None Include="Shaders\shaderSource\ModelVertexShader.shader" />
    <None Include="Shaders\shaderSource\ModelFragmentShader.shader" />
    <None Include="Shaders\shaderSource\DepthTestVS.shader" />
    <None Include="Shaders\shaderSource\DepthTestFS.shader" />
    <None Include="Shaders\shaderSource\testVertexShader.shader" />
    <None Include="Shaders\shaderSource\testFragmentShader.shader" />
  </ItemGroup>
  <ItemGroup>
    <Image Include="res\wall.jpg">
      <Filter>资源文件</Filter>
    </Image>
    <Image Include="res\container.jpg">
      <Filter>资源文件</Filter>
    </Image>
    <Image Include="res\container2.png">
      <Filter>资源文件</Filter>
    </Image>
    <Image Include="res\container2_specular.jpg">
      <Filter>资源文件</Filter>
    </Image>
    <Image Include="res\container2.jpg">
      <Filter>资源文件</Filter>
    </Image>
    <Image Include="res\container2_specular.png">
      <Filter>资源文件</Filter>
    </Image>
    <Image Include="res\matrix.jpg">
      <Filter>资源文件</Filter>
    </Image>
    <Image Include="res\marble.jpg">
      <Filter>资源文件</Filter>
    </Image>
    <Image Include="res\metal.jpg">
      <Filter>资源文件</Filter>
    </Image>
    <Image Include="res\blending_transparent_window.jpg">
      <Filter>资源文件</Filter>
    </Image>
  </ItemGroup>
</Project>